
Microsoft Visual Studio Solution File, Format Version 12.00
# Visual Studio 15
VisualStudioVersion = 15.0.28010.2041
MinimumVisualStudioVersion = 10.0.40219.1
Project("{FAE04EC0-301F-11D3-BF4B-00C04F79EFBC}") = "3.15", "3.15\3.15.csproj", "{B77D62B4-0ABE-4682-933A-1C0DBA8749D6}"
EndProject
Global
	GlobalSection(SolutionConfigurationPlatforms) = preSolution
		Debug|Any CPU = Debug|Any CPU
		Release|Any CPU = Release|Any CPU
	EndGlobalSection
	GlobalSection(ProjectConfigurationPlatforms) = postSolution
		{B77D62B4-0ABE-4682-933A-1C0DBA8749D6}.Debug|Any CPU.ActiveCfg = Debug|Any CPU
		{B77D62B4-0ABE-4682-933A-1C0DBA8749D6}.Debug|Any CPU.Build.0 = Debug|Any CPU
		{B77D62B4-0ABE-4682-933A-1C0DBA8749D6}.Release|Any CPU.ActiveCfg = Release|Any CPU
		{B77D62B4-0ABE-4682-933A-1C0DBA8749D6}.Release|Any CPU.Build.0 = Release|Any CPU
	EndGlobalSection
	GlobalSection(SolutionProperties) = preSolution
		HideSolutionNode = FALSE
	EndGlobalSection
	GlobalSection(ExtensibilityGlobals) = postSolution
		SolutionGuid = {722193A7-4F3B-4CFE-9ECE-8F5339D51F4D}
	EndGlobalSection
EndGlobal
