
Microsoft Visual Studio Solution File, Format Version 12.00
# Visual Studio 15
VisualStudioVersion = 15.0.28010.2041
MinimumVisualStudioVersion = 10.0.40219.1
Project("{FAE04EC0-301F-11D3-BF4B-00C04F79EFBC}") = "3.16", "3.16\3.16.csproj", "{319CEB3A-FFC9-4BC6-80CE-893C3C3BB1D1}"
EndProject
Global
	GlobalSection(SolutionConfigurationPlatforms) = preSolution
		Debug|Any CPU = Debug|Any CPU
		Release|Any CPU = Release|Any CPU
	EndGlobalSection
	GlobalSection(ProjectConfigurationPlatforms) = postSolution
		{319CEB3A-FFC9-4BC6-80CE-893C3C3BB1D1}.Debug|Any CPU.ActiveCfg = Debug|Any CPU
		{319CEB3A-FFC9-4BC6-80CE-893C3C3BB1D1}.Debug|Any CPU.Build.0 = Debug|Any CPU
		{319CEB3A-FFC9-4BC6-80CE-893C3C3BB1D1}.Release|Any CPU.ActiveCfg = Release|Any CPU
		{319CEB3A-FFC9-4BC6-80CE-893C3C3BB1D1}.Release|Any CPU.Build.0 = Release|Any CPU
	EndGlobalSection
	GlobalSection(SolutionProperties) = preSolution
		HideSolutionNode = FALSE
	EndGlobalSection
	GlobalSection(ExtensibilityGlobals) = postSolution
		SolutionGuid = {A562DBDB-B122-4301-9398-3000783AF97C}
	EndGlobalSection
EndGlobal
