
Microsoft Visual Studio Solution File, Format Version 12.00
# Visual Studio 15
VisualStudioVersion = 15.0.28010.2041
MinimumVisualStudioVersion = 10.0.40219.1
Project("{FAE04EC0-301F-11D3-BF4B-00C04F79EFBC}") = "3.3", "3.3\3.3.csproj", "{9044DB9E-4A58-4EFE-A74E-AA95A5FEE30D}"
EndProject
Global
	GlobalSection(SolutionConfigurationPlatforms) = preSolution
		Debug|Any CPU = Debug|Any CPU
		Release|Any CPU = Release|Any CPU
	EndGlobalSection
	GlobalSection(ProjectConfigurationPlatforms) = postSolution
		{9044DB9E-4A58-4EFE-A74E-AA95A5FEE30D}.Debug|Any CPU.ActiveCfg = Debug|Any CPU
		{9044DB9E-4A58-4EFE-A74E-AA95A5FEE30D}.Debug|Any CPU.Build.0 = Debug|Any CPU
		{9044DB9E-4A58-4EFE-A74E-AA95A5FEE30D}.Release|Any CPU.ActiveCfg = Release|Any CPU
		{9044DB9E-4A58-4EFE-A74E-AA95A5FEE30D}.Release|Any CPU.Build.0 = Release|Any CPU
	EndGlobalSection
	GlobalSection(SolutionProperties) = preSolution
		HideSolutionNode = FALSE
	EndGlobalSection
	GlobalSection(ExtensibilityGlobals) = postSolution
		SolutionGuid = {5B86EC59-E0D8-48F2-85DC-3F4B1CF93918}
	EndGlobalSection
EndGlobal
