
Microsoft Visual Studio Solution File, Format Version 12.00
# Visual Studio 15
VisualStudioVersion = 15.0.28010.2041
MinimumVisualStudioVersion = 10.0.40219.1
Project("{FAE04EC0-301F-11D3-BF4B-00C04F79EFBC}") = "3.9", "3.9\3.9.csproj", "{59C188C9-19FE-4035-99A1-3F942ABEC481}"
EndProject
Global
	GlobalSection(SolutionConfigurationPlatforms) = preSolution
		Debug|Any CPU = Debug|Any CPU
		Release|Any CPU = Release|Any CPU
	EndGlobalSection
	GlobalSection(ProjectConfigurationPlatforms) = postSolution
		{59C188C9-19FE-4035-99A1-3F942ABEC481}.Debug|Any CPU.ActiveCfg = Debug|Any CPU
		{59C188C9-19FE-4035-99A1-3F942ABEC481}.Debug|Any CPU.Build.0 = Debug|Any CPU
		{59C188C9-19FE-4035-99A1-3F942ABEC481}.Release|Any CPU.ActiveCfg = Release|Any CPU
		{59C188C9-19FE-4035-99A1-3F942ABEC481}.Release|Any CPU.Build.0 = Release|Any CPU
	EndGlobalSection
	GlobalSection(SolutionProperties) = preSolution
		HideSolutionNode = FALSE
	EndGlobalSection
	GlobalSection(ExtensibilityGlobals) = postSolution
		SolutionGuid = {14745FF6-688E-4FEA-B943-361A4983AEB3}
	EndGlobalSection
EndGlobal
