
Microsoft Visual Studio Solution File, Format Version 12.00
# Visual Studio 15
VisualStudioVersion = 15.0.28010.2041
MinimumVisualStudioVersion = 10.0.40219.1
Project("{FAE04EC0-301F-11D3-BF4B-00C04F79EFBC}") = "3.1", "3.1\3.1.csproj", "{4703A758-10F7-4002-94F2-F6A632DB7A00}"
EndProject
Global
	GlobalSection(SolutionConfigurationPlatforms) = preSolution
		Debug|Any CPU = Debug|Any CPU
		Release|Any CPU = Release|Any CPU
	EndGlobalSection
	GlobalSection(ProjectConfigurationPlatforms) = postSolution
		{4703A758-10F7-4002-94F2-F6A632DB7A00}.Debug|Any CPU.ActiveCfg = Debug|Any CPU
		{4703A758-10F7-4002-94F2-F6A632DB7A00}.Debug|Any CPU.Build.0 = Debug|Any CPU
		{4703A758-10F7-4002-94F2-F6A632DB7A00}.Release|Any CPU.ActiveCfg = Release|Any CPU
		{4703A758-10F7-4002-94F2-F6A632DB7A00}.Release|Any CPU.Build.0 = Release|Any CPU
	EndGlobalSection
	GlobalSection(SolutionProperties) = preSolution
		HideSolutionNode = FALSE
	EndGlobalSection
	GlobalSection(ExtensibilityGlobals) = postSolution
		SolutionGuid = {BEB95364-5969-4D26-B1FB-90194CD605E7}
	EndGlobalSection
EndGlobal
